github.com/google/go-cmp v0.6.0 h1:ofyhxvXcZhMsU5ulbFiLKl/XBFqE1GSq7atu8tAmTRI=
github.com/google/go-cmp v0.6.0/go.mod h1:17dUlkBOakJ0+DkrSSNjCkIjxS6bF9zb3elmeNGIjoY=
github.com/mutility/parameter-swap v1.0.0 h1:GFfiWp/gbdRCRNpeRL9co7orDRcUU5gUtQZssnhb+I8=
github.com/mutility/parameter-swap v1.0.0/go.mod h1:MH81eTL3BTcHYxnVBQ2LqmATVJDGeqbeRYD14GQG30s=
github.com/mutility/undeferred v1.0.0 h1:GowgbaD7aVfUn39pe3bson4b/ucfz2QS2SPJf/7WZA4=
github.com/mutility/undeferred v1.0.0/go.mod h1:LXQyUITrwLyY13WBERF/jDlI9JfYM6cgbuPm3EBFicY=
github.com/mutility/unused-results v1.0.1 h1:LGzy5aIq3eKt2Q2nLzD1bbD5ZBu+9WEgn5XLirZZ/Vg=
github.com/mutility/unused-results v1.0.1/go.mod h1:ekqpHI58MtW+TAXTe8RB632C9RhpRQcUPBJz8bdmPbM=
github.com/mutility/variable-format v1.0.0 h1:dAYoPnQX8pxLQI7E6kGBsyVK2oprJ+QA/BCSJ3KJbXY=
github.com/mutility/variable-format v1.0.0/go.mod h1:bZcAPPc47pIuSNue+xMfSFtYKT7Lav0Y535hgJhD/5g=
golang.org/x/mod v0.32.0 h1:9F4d3PHLljb6x//jOyokMv3eX+YDeepZSEo3mFJy93c=
golang.org/x/mod v0.32.0/go.mod h1:SgipZ/3h2Ci89DlEtEXWUk/HteuRin+HHhN+WbNhguU=
golang.org/x/sync v0.19.0 h1:vV+1eWNmZ5geRlYjzm2adRgW2/mcpevXNg50YZtPCE4=
golang.org/x/sync v0.19.0/go.mod h1:9KTHXmSnoGruLpwFjVSX0lNNA75CykiMECbovNTZqGI=
golang.org/x/tools v0.41.0 h1:a9b8iMweWG+S0OBnlU36rzLp20z1Rp10w+IY2czHTQc=
golang.org/x/tools v0.41.0/go.mod h1:XSY6eDqxVNiYgezAVqqCeihT4j1U2CCsqvH3WhQpnlg=
