github.com/google/go-cmp v0.6.0 h1:ofyhxvXcZhMsU5ulbFiLKl/XBFqE1GSq7atu8tAmTRI=
github.com/google/go-cmp v0.6.0/go.mod h1:17dUlkBOakJ0+DkrSSNjCkIjxS6bF9zb3elmeNGIjoY=
github.com/mutility/parameter-swap v1.0.0 h1:GFfiWp/gbdRCRNpeRL9co7orDRcUU5gUtQZssnhb+I8=
github.com/mutility/parameter-swap v1.0.0/go.mod h1:MH81eTL3BTcHYxnVBQ2LqmATVJDGeqbeRYD14GQG30s=
github.com/mutility/undeferred v1.0.0 h1:GowgbaD7aVfUn39pe3bson4b/ucfz2QS2SPJf/7WZA4=
github.com/mutility/undeferred v1.0.0/go.mod h1:LXQyUITrwLyY13WBERF/jDlI9JfYM6cgbuPm3EBFicY=
github.com/mutility/unused-results v1.0.1 h1:LGzy5aIq3eKt2Q2nLzD1bbD5ZBu+9WEgn5XLirZZ/Vg=
github.com/mutility/unused-results v1.0.1/go.mod h1:ekqpHI58MtW+TAXTe8RB632C9RhpRQcUPBJz8bdmPbM=
github.com/mutility/variable-format v1.0.0 h1:dAYoPnQX8pxLQI7E6kGBsyVK2oprJ+QA/BCSJ3KJbXY=
github.com/mutility/variable-format v1.0.0/go.mod h1:bZcAPPc47pIuSNue+xMfSFtYKT7Lav0Y535hgJhD/5g=
golang.org/x/mod v0.39.0 h1:UF5zwQdCRRUpHfyPwr7d4UrGiVeldIsogtzWVnczL74=
golang.org/x/mod v0.39.0/go.mod h1:bvIbwjQ0HUFFf5AKukeeYQG4ZBUG9yxQbR9aEweIwYY=
golang.org/x/sync v0.22.0 h1:SZjpbeLmrCk4xhRSZFNZW5gFUeCeFgjekvI/+gfScek=
golang.org/x/sync v0.22.0/go.mod h1:9xrNwdLfx4jkKbNva9FpL6vEN7evnE43NNNJQ2LF3+0=
golang.org/x/tools v0.49.0 h1:3NI7VXzL9+1WZD52Dx2ttoPwD5DWrFGpl9mFZDlmisI=
golang.org/x/tools v0.49.0/go.mod h1:SJNXV9DBKT0UbdttsQjbfJlAE/q+y36++zo3uL3N0Oo=
